
Microsoft Visual Studio Solution File, Format Version 12.00
# Visual Studio 2013
VisualStudioVersion = 12.0.40629.0
MinimumVisualStudioVersion = 10.0.40219.1
Project("{FAE04EC0-301F-11D3-BF4B-00C04F79EFBC}") = "VI3PatientDelete", "VI3PatientDelete\VI3PatientDelete.csproj", "{AA0C5D69-1407-4A8E-82CB-0023BD887DAB}"
EndProject
Global
	GlobalSection(SolutionConfigurationPlatforms) = preSolution
		Debug|Any CPU = Debug|Any CPU
		Debug|x64 = Debug|x64
		Release|Any CPU = Release|Any CPU
		Release|x64 = Release|x64
	EndGlobalSection
	GlobalSection(ProjectConfigurationPlatforms) = postSolution
		{AA0C5D69-1407-4A8E-82CB-0023BD887DAB}.Debug|Any CPU.ActiveCfg = Debug|x64
		{AA0C5D69-1407-4A8E-82CB-0023BD887DAB}.Debug|x64.ActiveCfg = Debug|x64
		{AA0C5D69-1407-4A8E-82CB-0023BD887DAB}.Debug|x64.Build.0 = Debug|x64
		{AA0C5D69-1407-4A8E-82CB-0023BD887DAB}.Release|Any CPU.ActiveCfg = Release|x64
		{AA0C5D69-1407-4A8E-82CB-0023BD887DAB}.Release|x64.ActiveCfg = Release|x64
		{AA0C5D69-1407-4A8E-82CB-0023BD887DAB}.Release|x64.Build.0 = Release|x64
	EndGlobalSection
	GlobalSection(SolutionProperties) = preSolution
		HideSolutionNode = FALSE
	EndGlobalSection
	GlobalSection(ExtensibilityGlobals) = postSolution
		SolutionGuid = {B6ECE47D-2612-497E-B443-D885FA02E0AC}
	EndGlobalSection
EndGlobal
